
Microsoft Visual Studio Solution File, Format Version 12.00
# Visual Studio Version 17
VisualStudioVersion = 17.9.34714.143
MinimumVisualStudioVersion = 10.0.40219.1
Project("{FAE04EC0-301F-11D3-BF4B-00C04F79EFBC}") = "Centurion", "Centurion\Centurion.csproj", "{1060C8ED-6467-4934-8DC6-DFF3C35ACCDC}"
EndProject
Project("{2150E333-8FDC-42A3-9474-1A3956D46DE8}") = "ソリューション項目", "ソリューション項目", "{D5348F7E-61A9-4898-818C-4A70B5E157AC}"
	ProjectSection(SolutionItems) = preProject
		.editorconfig = .editorconfig
	EndProjectSection
EndProject
Global
	GlobalSection(SolutionConfigurationPlatforms) = preSolution
		Debug|Any CPU = Debug|Any CPU
		Debug|x64 = Debug|x64
		Release|Any CPU = Release|Any CPU
		Release|x64 = Release|x64
	EndGlobalSection
	GlobalSection(ProjectConfigurationPlatforms) = postSolution
		{1060C8ED-6467-4934-8DC6-DFF3C35ACCDC}.Debug|Any CPU.ActiveCfg = Debug|Any CPU
		{1060C8ED-6467-4934-8DC6-DFF3C35ACCDC}.Debug|Any CPU.Build.0 = Debug|Any CPU
		{1060C8ED-6467-4934-8DC6-DFF3C35ACCDC}.Debug|x64.ActiveCfg = Debug|Any CPU
		{1060C8ED-6467-4934-8DC6-DFF3C35ACCDC}.Debug|x64.Build.0 = Debug|Any CPU
		{1060C8ED-6467-4934-8DC6-DFF3C35ACCDC}.Release|Any CPU.ActiveCfg = Release|Any CPU
		{1060C8ED-6467-4934-8DC6-DFF3C35ACCDC}.Release|Any CPU.Build.0 = Release|Any CPU
		{1060C8ED-6467-4934-8DC6-DFF3C35ACCDC}.Release|x64.ActiveCfg = Release|Any CPU
		{1060C8ED-6467-4934-8DC6-DFF3C35ACCDC}.Release|x64.Build.0 = Release|Any CPU
	EndGlobalSection
	GlobalSection(SolutionProperties) = preSolution
		HideSolutionNode = FALSE
	EndGlobalSection
	GlobalSection(ExtensibilityGlobals) = postSolution
		SolutionGuid = {BD4FC7B1-A9AA-40F1-9EA7-C9777BE75BA7}
	EndGlobalSection
EndGlobal
